{
  "name": "just-render",
  "version": "1.0.10",
  "lockfileVersion": 2,
  "requires": true,
  "packages": {
    "": {
      "name": "just-render",
      "version": "1.0.10",
      "license": "ISC",
      "devDependencies": {
        "rollup": "^2.55.1"
      }
    },
    "node_modules/rollup": {
      "version": "2.55.1",
      "resolved": "https://registry.npmjs.org/rollup/-/rollup-2.55.1.tgz",
      "integrity": "sha512-1P9w5fpb6b4qroePh8vHKGIvPNxwoCQhjJpIqfZGHLKpZ0xcU2/XBmFxFbc9697/6bmHpmFTLk5R1dAQhFSo0g==",
      "dev": true,
      "bin": {
        "rollup": "dist/bin/rollup"
      },
      "engines": {
        "node": ">=10.0.0"
      },
      "optionalDependencies": {
        "fsevents": "~2.3.2"
      }
    },
    "node_modules/rollup/node_modules/fsevents": {
      "version": "2.3.2",
      "resolved": "https://registry.npmjs.org/fsevents/-/fsevents-2.3.2.tgz",
      "integrity": "sha512-xiqMQR4xAeHTuB9uWm+fFRcIOgKBMiOBP+eXiyT7jsgVCq1bkVygt00oASowB7EdtpOHaaPgKt812P9ab+DDKA==",
      "dev": true,
      "hasInstallScript": true,
      "optional": true,
      "os": [
        "darwin"
      ],
      "engines": {
        "node": "^8.16.0 || ^10.6.0 || >=11.0.0"
      }
    }
  },
  "dependencies": {
    "rollup": {
      "version": "2.55.1",
      "resolved": "https://registry.npmjs.org/rollup/-/rollup-2.55.1.tgz",
      "integrity": "sha512-1P9w5fpb6b4qroePh8vHKGIvPNxwoCQhjJpIqfZGHLKpZ0xcU2/XBmFxFbc9697/6bmHpmFTLk5R1dAQhFSo0g==",
      "dev": true,
      "requires": {
        "fsevents": "~2.3.2"
      },
      "dependencies": {
        "fsevents": {
          "version": "2.3.2",
          "resolved": "https://registry.npmjs.org/fsevents/-/fsevents-2.3.2.tgz",
          "integrity": "sha512-xiqMQR4xAeHTuB9uWm+fFRcIOgKBMiOBP+eXiyT7jsgVCq1bkVygt00oASowB7EdtpOHaaPgKt812P9ab+DDKA==",
          "dev": true,
          "optional": true
        }
      }
    }
  }
}
